
Microsoft Visual Studio Solution File, Format Version 11.00
# Visual Studio 2010
Project("{FAE04EC0-301F-11D3-BF4B-00C04F79EFBC}") = "CidrRangeKata", "CidrRangeKata.csproj", "{88D948CE-85B3-4123-8277-AED150D65495}"
EndProject
Project("{FAE04EC0-301F-11D3-BF4B-00C04F79EFBC}") = "Tests", "..\Tests\Tests.csproj", "{DCA422E3-CCA9-4D23-BB6F-DFCA71F80566}"
EndProject
Global
	GlobalSection(SolutionConfigurationPlatforms) = preSolution
		Debug|Any CPU = Debug|Any CPU
		Release|Any CPU = Release|Any CPU
	EndGlobalSection
	GlobalSection(ProjectConfigurationPlatforms) = postSolution
		{88D948CE-85B3-4123-8277-AED150D65495}.Debug|Any CPU.ActiveCfg = Debug|Any CPU
		{88D948CE-85B3-4123-8277-AED150D65495}.Debug|Any CPU.Build.0 = Debug|Any CPU
		{88D948CE-85B3-4123-8277-AED150D65495}.Release|Any CPU.ActiveCfg = Release|Any CPU
		{88D948CE-85B3-4123-8277-AED150D65495}.Release|Any CPU.Build.0 = Release|Any CPU
		{DCA422E3-CCA9-4D23-BB6F-DFCA71F80566}.Debug|Any CPU.ActiveCfg = Debug|Any CPU
		{DCA422E3-CCA9-4D23-BB6F-DFCA71F80566}.Debug|Any CPU.Build.0 = Debug|Any CPU
		{DCA422E3-CCA9-4D23-BB6F-DFCA71F80566}.Release|Any CPU.ActiveCfg = Release|Any CPU
		{DCA422E3-CCA9-4D23-BB6F-DFCA71F80566}.Release|Any CPU.Build.0 = Release|Any CPU
	EndGlobalSection
	GlobalSection(SolutionProperties) = preSolution
		HideSolutionNode = FALSE
	EndGlobalSection
EndGlobal
